{
  "factory": "jebbdykstra99/subx-factory",
  "version": "v1.0.0",
  "room": "415chat",
  "siteId": "415chat",
  "files": {
    "factory.js": "7466eefc88f4103dcc159bcea5a788d35dc4b1402ffba14b270f3ede99b610d0",
    "styles.css": "6cf817aede2dc3f660185cab1bd9ec43c2c94312f565296ebc5e42d973bda6d0"
  },
  "keepFiles": [],
  "exceptions": "see subx-factory EXCEPTIONS.md",
  "stampedAt": "2026-10-09T03:49:24Z"
}
